
Microsoft Visual Studio Solution File, Format Version 12.00
# Visual Studio Version 17
VisualStudioVersion = 17.3.32929.385
MinimumVisualStudioVersion = 10.0.40219.1
Project("{FAE04EC0-301F-11D3-BF4B-00C04F79EFBC}") = "ConsoleApp1", "ConsoleApp1\ConsoleApp1.csproj", "{14FB0C87-BD52-4FBD-A026-7BB45B3394CE}"
EndProject
Global
	GlobalSection(SolutionConfigurationPlatforms) = preSolution
		Debug|Any CPU = Debug|Any CPU
		Release|Any CPU = Release|Any CPU
	EndGlobalSection
	GlobalSection(ProjectConfigurationPlatforms) = postSolution
		{14FB0C87-BD52-4FBD-A026-7BB45B3394CE}.Debug|Any CPU.ActiveCfg = Debug|Any CPU
		{14FB0C87-BD52-4FBD-A026-7BB45B3394CE}.Debug|Any CPU.Build.0 = Debug|Any CPU
		{14FB0C87-BD52-4FBD-A026-7BB45B3394CE}.Release|Any CPU.ActiveCfg = Release|Any CPU
		{14FB0C87-BD52-4FBD-A026-7BB45B3394CE}.Release|Any CPU.Build.0 = Release|Any CPU
	EndGlobalSection
	GlobalSection(SolutionProperties) = preSolution
		HideSolutionNode = FALSE
	EndGlobalSection
	GlobalSection(ExtensibilityGlobals) = postSolution
		SolutionGuid = {C4EDA556-2B3C-4093-914B-DA79C25B52BF}
	EndGlobalSection
EndGlobal
